// !$*UTF8*$!
{
	archiveVersion = 1;
	classes = {
	};
	objectVersion = 56;
	objects = {

/* Begin PBXBuildFile section */
		303D18A12C42CAFE00ABF599 /* AppDelegate.swift in Sources */ = {isa = PBXBuildFile; fileRef = 303D18A02C42CAFE00ABF599 /* AppDelegate.swift */; };
		303D18A32C42CAFE00ABF599 /* SceneDelegate.swift in Sources */ = {isa = PBXBuildFile; fileRef = 303D18A22C42CAFE00ABF599 /* SceneDelegate.swift */; };
		303D18A52C42CAFE00ABF599 /* ViewController.swift in Sources */ = {isa = PBXBuildFile; fileRef = 303D18A42C42CAFE00ABF599 /* ViewController.swift */; };
		303D18A82C42CAFE00ABF599 /* Base in Resources */ = {isa = PBXBuildFile; fileRef = 303D18A72C42CAFE00ABF599 /* Base */; };
		303D18AA2C42CB0000ABF599 /* Assets.xcassets in Resources */ = {isa = PBXBuildFile; fileRef = 303D18A92C42CB0000ABF599 /* Assets.xcassets */; };
		303D18AD2C42CB0000ABF599 /* Base in Resources */ = {isa = PBXBuildFile; fileRef = 303D18AC2C42CB0000ABF599 /* Base */; };
		303D18B52C42CCC400ABF599 /* Color+Extensions.swift in Sources */ = {isa = PBXBuildFile; fileRef = 303D18B42C42CCC400ABF599 /* Color+Extensions.swift */; };
		307970372C505ED60071EE1B /* A.wav in Resources */ = {isa = PBXBuildFile; fileRef = 3079702F2C505ED60071EE1B /* A.wav */; };
		307970382C505ED60071EE1B /* B.wav in Resources */ = {isa = PBXBuildFile; fileRef = 307970302C505ED60071EE1B /* B.wav */; };
		307970392C505ED60071EE1B /* C.wav in Resources */ = {isa = PBXBuildFile; fileRef = 307970312C505ED60071EE1B /* C.wav */; };
		3079703A2C505ED60071EE1B /* D.wav in Resources */ = {isa = PBXBuildFile; fileRef = 307970322C505ED60071EE1B /* D.wav */; };
		3079703B2C505ED60071EE1B /* E.wav in Resources */ = {isa = PBXBuildFile; fileRef = 307970332C505ED60071EE1B /* E.wav */; };
		3079703C2C505ED60071EE1B /* F.wav in Resources */ = {isa = PBXBuildFile; fileRef = 307970342C505ED60071EE1B /* F.wav */; };
		3079703D2C505ED60071EE1B /* G.wav in Resources */ = {isa = PBXBuildFile; fileRef = 307970352C505ED60071EE1B /* G.wav */; };
		30C50CB52C4D36A3007E30E6 /* ButtonsActions.swift in Sources */ = {isa = PBXBuildFile; fileRef = 30C50CB42C4D36A3007E30E6 /* ButtonsActions.swift */; };
/* End PBXBuildFile section */

/* Begin PBXFileReference section */
		303D189D2C42CAFE00ABF599 /* Xylophone.app */ = {isa = PBXFileReference; explicitFileType = wrapper.application; includeInIndex = 0; path = Xylophone.app; sourceTree = BUILT_PRODUCTS_DIR; };
		303D18A02C42CAFE00ABF599 /* AppDelegate.swift */ = {isa = PBXFileReference; lastKnownFileType = sourcecode.swift; path = AppDelegate.swift; sourceTree = "<group>"; };
		303D18A22C42CAFE00ABF599 /* SceneDelegate.swift */ = {isa = PBXFileReference; lastKnownFileType = sourcecode.swift; path = SceneDelegate.swift; sourceTree = "<group>"; };
		303D18A42C42CAFE00ABF599 /* ViewController.swift */ = {isa = PBXFileReference; lastKnownFileType = sourcecode.swift; path = ViewController.swift; sourceTree = "<group>"; };
		303D18A72C42CAFE00ABF599 /* Base */ = {isa = PBXFileReference; lastKnownFileType = file.storyboard; name = Base; path = Base.lproj/Main.storyboard; sourceTree = "<group>"; };
		303D18A92C42CB0000ABF599 /* Assets.xcassets */ = {isa = PBXFileReference; lastKnownFileType = folder.assetcatalog; path = Assets.xcassets; sourceTree = "<group>"; };
		303D18AC2C42CB0000ABF599 /* Base */ = {isa = PBXFileReference; lastKnownFileType = file.storyboard; name = Base; path = Base.lproj/LaunchScreen.storyboard; sourceTree = "<group>"; };
		303D18AE2C42CB0000ABF599 /* Info.plist */ = {isa = PBXFileReference; lastKnownFileType = text.plist.xml; path = Info.plist; sourceTree = "<group>"; };
		303D18B42C42CCC400ABF599 /* Color+Extensions.swift */ = {isa = PBXFileReference; lastKnownFileType = sourcecode.swift; path = "Color+Extensions.swift"; sourceTree = "<group>"; };
		3079702F2C505ED60071EE1B /* A.wav */ = {isa = PBXFileReference; lastKnownFileType = audio.wav; path = A.wav; sourceTree = "<group>"; };
		307970302C505ED60071EE1B /* B.wav */ = {isa = PBXFileReference; lastKnownFileType = audio.wav; path = B.wav; sourceTree = "<group>"; };
		307970312C505ED60071EE1B /* C.wav */ = {isa = PBXFileReference; lastKnownFileType = audio.wav; path = C.wav; sourceTree = "<group>"; };
		307970322C505ED60071EE1B /* D.wav */ = {isa = PBXFileReference; lastKnownFileType = audio.wav; path = D.wav; sourceTree = "<group>"; };
		307970332C505ED60071EE1B /* E.wav */ = {isa = PBXFileReference; lastKnownFileType = audio.wav; path = E.wav; sourceTree = "<group>"; };
		307970342C505ED60071EE1B /* F.wav */ = {isa = PBXFileReference; lastKnownFileType = audio.wav; path = F.wav; sourceTree = "<group>"; };
		307970352C505ED60071EE1B /* G.wav */ = {isa = PBXFileReference; lastKnownFileType = audio.wav; path = G.wav; sourceTree = "<group>"; };
		30C50CB42C4D36A3007E30E6 /* ButtonsActions.swift */ = {isa = PBXFileReference; lastKnownFileType = sourcecode.swift; path = ButtonsActions.swift; sourceTree = "<group>"; };
/* End PBXFileReference section */

/* Begin PBXFrameworksBuildPhase section */
		303D189A2C42CAFE00ABF599 /* Frameworks */ = {
			isa = PBXFrameworksBuildPhase;
			buildActionMask = 2147483647;
			files = (
			);
			runOnlyForDeploymentPostprocessing = 0;
		};
/* End PBXFrameworksBuildPhase section */

/* Begin PBXGroup section */
		303D18942C42CAFE00ABF599 = {
			isa = PBXGroup;
			children = (
				303D189F2C42CAFE00ABF599 /* Xylophone */,
				303D189E2C42CAFE00ABF599 /* Products */,
			);
			sourceTree = "<group>";
		};
		303D189E2C42CAFE00ABF599 /* Products */ = {
			isa = PBXGroup;
			children = (
				303D189D2C42CAFE00ABF599 /* Xylophone.app */,
			);
			name = Products;
			sourceTree = "<group>";
		};
		303D189F2C42CAFE00ABF599 /* Xylophone */ = {
			isa = PBXGroup;
			children = (
				307970362C505ED60071EE1B /* Sounds */,
				303D18A02C42CAFE00ABF599 /* AppDelegate.swift */,
				303D18B42C42CCC400ABF599 /* Color+Extensions.swift */,
				30C50CB42C4D36A3007E30E6 /* ButtonsActions.swift */,
				303D18A22C42CAFE00ABF599 /* SceneDelegate.swift */,
				303D18A42C42CAFE00ABF599 /* ViewController.swift */,
				303D18A62C42CAFE00ABF599 /* Main.storyboard */,
				303D18A92C42CB0000ABF599 /* Assets.xcassets */,
				303D18AB2C42CB0000ABF599 /* LaunchScreen.storyboard */,
				303D18AE2C42CB0000ABF599 /* Info.plist */,
			);
			path = Xylophone;
			sourceTree = "<group>";
		};
		307970362C505ED60071EE1B /* Sounds */ = {
			isa = PBXGroup;
			children = (
				3079702F2C505ED60071EE1B /* A.wav */,
				307970302C505ED60071EE1B /* B.wav */,
				307970312C505ED60071EE1B /* C.wav */,
				307970322C505ED60071EE1B /* D.wav */,
				307970332C505ED60071EE1B /* E.wav */,
				307970342C505ED60071EE1B /* F.wav */,
				307970352C505ED60071EE1B /* G.wav */,
			);
			path = Sounds;
			sourceTree = "<group>";
		};
/* End PBXGroup section */

/* Begin PBXNativeTarget section */
		303D189C2C42CAFE00ABF599 /* Xylophone */ = {
			isa = PBXNativeTarget;
			buildConfigurationList = 303D18B12C42CB0000ABF599 /* Build configuration list for PBXNativeTarget "Xylophone" */;
			buildPhases = (
				303D18992C42CAFE00ABF599 /* Sources */,
				303D189A2C42CAFE00ABF599 /* Frameworks */,
				303D189B2C42CAFE00ABF599 /* Resources */,
			);
			buildRules = (
			);
			dependencies = (
			);
			name = Xylophone;
			productName = Xylophone;
			productReference = 303D189D2C42CAFE00ABF599 /* Xylophone.app */;
			productType = "com.apple.product-type.application";
		};
/* End PBXNativeTarget section */

/* Begin PBXProject section */
		303D18952C42CAFE00ABF599 /* Project object */ = {
			isa = PBXProject;
			attributes = {
				BuildIndependentTargetsInParallel = 1;
				LastSwiftUpdateCheck = 1540;
				LastUpgradeCheck = 1540;
				TargetAttributes = {
					303D189C2C42CAFE00ABF599 = {
						CreatedOnToolsVersion = 15.4;
					};
				};
			};
			buildConfigurationList = 303D18982C42CAFE00ABF599 /* Build configuration list for PBXProject "Xylophone" */;
			compatibilityVersion = "Xcode 14.0";
			developmentRegion = en;
			hasScannedForEncodings = 0;
			knownRegions = (
				en,
				Base,
			);
			mainGroup = 303D18942C42CAFE00ABF599;
			productRefGroup = 303D189E2C42CAFE00ABF599 /* Products */;
			projectDirPath = "";
			projectRoot = "";
			targets = (
				303D189C2C42CAFE00ABF599 /* Xylophone */,
			);
		};
/* End PBXProject section */

/* Begin PBXResourcesBuildPhase section */
		303D189B2C42CAFE00ABF599 /* Resources */ = {
			isa = PBXResourcesBuildPhase;
			buildActionMask = 2147483647;
			files = (
				307970392C505ED60071EE1B /* C.wav in Resources */,
				303D18AA2C42CB0000ABF599 /* Assets.xcassets in Resources */,
				3079703A2C505ED60071EE1B /* D.wav in Resources */,
				3079703C2C505ED60071EE1B /* F.wav in Resources */,
				307970382C505ED60071EE1B /* B.wav in Resources */,
				303D18AD2C42CB0000ABF599 /* Base in Resources */,
				3079703D2C505ED60071EE1B /* G.wav in Resources */,
				307970372C505ED60071EE1B /* A.wav in Resources */,
				3079703B2C505ED60071EE1B /* E.wav in Resources */,
				303D18A82C42CAFE00ABF599 /* Base in Resources */,
			);
			runOnlyForDeploymentPostprocessing = 0;
		};
/* End PBXResourcesBuildPhase section */

/* Begin PBXSourcesBuildPhase section */
		303D18992C42CAFE00ABF599 /* Sources */ = {
			isa = PBXSourcesBuildPhase;
			buildActionMask = 2147483647;
			files = (
				303D18A52C42CAFE00ABF599 /* ViewController.swift in Sources */,
				30C50CB52C4D36A3007E30E6 /* ButtonsActions.swift in Sources */,
				303D18A12C42CAFE00ABF599 /* AppDelegate.swift in Sources */,
				303D18A32C42CAFE00ABF599 /* SceneDelegate.swift in Sources */,
				303D18B52C42CCC400ABF599 /* Color+Extensions.swift in Sources */,
			);
			runOnlyForDeploymentPostprocessing = 0;
		};
/* End PBXSourcesBuildPhase section */

/* Begin PBXVariantGroup section */
		303D18A62C42CAFE00ABF599 /* Main.storyboard */ = {
			isa = PBXVariantGroup;
			children = (
				303D18A72C42CAFE00ABF599 /* Base */,
			);
			name = Main.storyboard;
			sourceTree = "<group>";
		};
		303D18AB2C42CB0000ABF599 /* LaunchScreen.storyboard */ = {
			isa = PBXVariantGroup;
			children = (
				303D18AC2C42CB0000ABF599 /* Base */,
			);
			name = LaunchScreen.storyboard;
			sourceTree = "<group>";
		};
/* End PBXVariantGroup section */

/* Begin XCBuildConfiguration section */
		303D18AF2C42CB0000ABF599 /* Debug */ = {
			isa = XCBuildConfiguration;
			buildSettings = {
				ALWAYS_SEARCH_USER_PATHS = NO;
				ASSETCATALOG_COMPILER_GENERATE_SWIFT_ASSET_SYMBOL_EXTENSIONS = YES;
				CLANG_ANALYZER_NONNULL = YES;
				CLANG_ANALYZER_NUMBER_OBJECT_CONVERSION = YES_AGGRESSIVE;
				CLANG_CXX_LANGUAGE_STANDARD = "gnu++20";
				CLANG_ENABLE_MODULES = YES;
				CLANG_ENABLE_OBJC_ARC = YES;
				CLANG_ENABLE_OBJC_WEAK = YES;
				CLANG_WARN_BLOCK_CAPTURE_AUTORELEASING = YES;
				CLANG_WARN_BOOL_CONVERSION = YES;
				CLANG_WARN_COMMA = YES;
				CLANG_WARN_CONSTANT_CONVERSION = YES;
				CLANG_WARN_DEPRECATED_OBJC_IMPLEMENTATIONS = YES;
				CLANG_WARN_DIRECT_OBJC_ISA_USAGE = YES_ERROR;
				CLANG_WARN_DOCUMENTATION_COMMENTS = YES;
				CLANG_WARN_EMPTY_BODY = YES;
				CLANG_WARN_ENUM_CONVERSION = YES;
				CLANG_WARN_INFINITE_RECURSION = YES;
				CLANG_WARN_INT_CONVERSION = YES;
				CLANG_WARN_NON_LITERAL_NULL_CONVERSION = YES;
				CLANG_WARN_OBJC_IMPLICIT_RETAIN_SELF = YES;
				CLANG_WARN_OBJC_LITERAL_CONVERSION = YES;
				CLANG_WARN_OBJC_ROOT_CLASS = YES_ERROR;
				CLANG_WARN_QUOTED_INCLUDE_IN_FRAMEWORK_HEADER = YES;
				CLANG_WARN_RANGE_LOOP_ANALYSIS = YES;
				CLANG_WARN_STRICT_PROTOTYPES = YES;
				CLANG_WARN_SUSPICIOUS_MOVE = YES;
				CLANG_WARN_UNGUARDED_AVAILABILITY = YES_AGGRESSIVE;
				CLANG_WARN_UNREACHABLE_CODE = YES;
				CLANG_WARN__DUPLICATE_METHOD_MATCH = YES;
				COPY_PHASE_STRIP = NO;
				DEBUG_INFORMATION_FORMAT = dwarf;
				ENABLE_STRICT_OBJC_MSGSEND = YES;
				ENABLE_TESTABILITY = YES;
				ENABLE_USER_SCRIPT_SANDBOXING = YES;
				GCC_C_LANGUAGE_STANDARD = gnu17;
				GCC_DYNAMIC_NO_PIC = NO;
				GCC_NO_COMMON_BLOCKS = YES;
				GCC_OPTIMIZATION_LEVEL = 0;
				GCC_PREPROCESSOR_DEFINITIONS = (
					"DEBUG=1",
					"$(inherited)",
				);
				GCC_WARN_64_TO_32_BIT_CONVERSION = YES;
				GCC_WARN_ABOUT_RETURN_TYPE = YES_ERROR;
				GCC_WARN_UNDECLARED_SELECTOR = YES;
				GCC_WARN_UNINITIALIZED_AUTOS = YES_AGGRESSIVE;
				GCC_WARN_UNUSED_FUNCTION = YES;
				GCC_WARN_UNUSED_VARIABLE = YES;
				IPHONEOS_DEPLOYMENT_TARGET = 17.5;
				LOCALIZATION_PREFERS_STRING_CATALOGS = YES;
				MTL_ENABLE_DEBUG_INFO = INCLUDE_SOURCE;
				MTL_FAST_MATH = YES;
				ONLY_ACTIVE_ARCH = YES;
				SDKROOT = iphoneos;
				SWIFT_ACTIVE_COMPILATION_CONDITIONS = "DEBUG $(inherited)";
				SWIFT_OPTIMIZATION_LEVEL = "-Onone";
			};
			name = Debug;
		};
		303D18B02C42CB0000ABF599 /* Release */ = {
			isa = XCBuildConfiguration;
			buildSettings = {
				ALWAYS_SEARCH_USER_PATHS = NO;
				ASSETCATALOG_COMPILER_GENERATE_SWIFT_ASSET_SYMBOL_EXTENSIONS = YES;
				CLANG_ANALYZER_NONNULL = YES;
				CLANG_ANALYZER_NUMBER_OBJECT_CONVERSION = YES_AGGRESSIVE;
				CLANG_CXX_LANGUAGE_STANDARD = "gnu++20";
				CLANG_ENABLE_MODULES = YES;
				CLANG_ENABLE_OBJC_ARC = YES;
				CLANG_ENABLE_OBJC_WEAK = YES;
				CLANG_WARN_BLOCK_CAPTURE_AUTORELEASING = YES;
				CLANG_WARN_BOOL_CONVERSION = YES;
				CLANG_WARN_COMMA = YES;
				CLANG_WARN_CONSTANT_CONVERSION = YES;
				CLANG_WARN_DEPRECATED_OBJC_IMPLEMENTATIONS = YES;
				CLANG_WARN_DIRECT_OBJC_ISA_USAGE = YES_ERROR;
				CLANG_WARN_DOCUMENTATION_COMMENTS = YES;
				CLANG_WARN_EMPTY_BODY = YES;
				CLANG_WARN_ENUM_CONVERSION = YES;
				CLANG_WARN_INFINITE_RECURSION = YES;
				CLANG_WARN_INT_CONVERSION = YES;
				CLANG_WARN_NON_LITERAL_NULL_CONVERSION = YES;
				CLANG_WARN_OBJC_IMPLICIT_RETAIN_SELF = YES;
				CLANG_WARN_OBJC_LITERAL_CONVERSION = YES;
				CLANG_WARN_OBJC_ROOT_CLASS = YES_ERROR;
				CLANG_WARN_QUOTED_INCLUDE_IN_FRAMEWORK_HEADER = YES;
				CLANG_WARN_RANGE_LOOP_ANALYSIS = YES;
				CLANG_WARN_STRICT_PROTOTYPES = YES;
				CLANG_WARN_SUSPICIOUS_MOVE = YES;
				CLANG_WARN_UNGUARDED_AVAILABILITY = YES_AGGRESSIVE;
				CLANG_WARN_UNREACHABLE_CODE = YES;
				CLANG_WARN__DUPLICATE_METHOD_MATCH = YES;
				COPY_PHASE_STRIP = NO;
				DEBUG_INFORMATION_FORMAT = "dwarf-with-dsym";
				ENABLE_NS_ASSERTIONS = NO;
				ENABLE_STRICT_OBJC_MSGSEND = YES;
				ENABLE_USER_SCRIPT_SANDBOXING = YES;
				GCC_C_LANGUAGE_STANDARD = gnu17;
				GCC_NO_COMMON_BLOCKS = YES;
				GCC_WARN_64_TO_32_BIT_CONVERSION = YES;
				GCC_WARN_ABOUT_RETURN_TYPE = YES_ERROR;
				GCC_WARN_UNDECLARED_SELECTOR = YES;
				GCC_WARN_UNINITIALIZED_AUTOS = YES_AGGRESSIVE;
				GCC_WARN_UNUSED_FUNCTION = YES;
				GCC_WARN_UNUSED_VARIABLE = YES;
				IPHONEOS_DEPLOYMENT_TARGET = 17.5;
				LOCALIZATION_PREFERS_STRING_CATALOGS = YES;
				MTL_ENABLE_DEBUG_INFO = NO;
				MTL_FAST_MATH = YES;
				SDKROOT = iphoneos;
				SWIFT_COMPILATION_MODE = wholemodule;
				VALIDATE_PRODUCT = YES;
			};
			name = Release;
		};
		303D18B22C42CB0000ABF599 /* Debug */ = {
			isa = XCBuildConfiguration;
			buildSettings = {
				ASSETCATALOG_COMPILER_APPICON_NAME = AppIcon;
				ASSETCATALOG_COMPILER_GLOBAL_ACCENT_COLOR_NAME = AccentColor;
				CODE_SIGN_STYLE = Automatic;
				CURRENT_PROJECT_VERSION = 1;
				DEVELOPMENT_TEAM = 8Y83M326AS;
				GENERATE_INFOPLIST_FILE = YES;
				INFOPLIST_FILE = Xylophone/Info.plist;
				INFOPLIST_KEY_UIApplicationSupportsIndirectInputEvents = YES;
				INFOPLIST_KEY_UILaunchStoryboardName = LaunchScreen;
				INFOPLIST_KEY_UIMainStoryboardFile = Main;
				INFOPLIST_KEY_UISupportedInterfaceOrientations_iPad = "UIInterfaceOrientationPortrait UIInterfaceOrientationPortraitUpsideDown UIInterfaceOrientationLandscapeLeft UIInterfaceOrientationLandscapeRight";
				INFOPLIST_KEY_UISupportedInterfaceOrientations_iPhone = "UIInterfaceOrientationPortrait UIInterfaceOrientationLandscapeLeft UIInterfaceOrientationLandscapeRight";
				IPHONEOS_DEPLOYMENT_TARGET = 16.2;
				LD_RUNPATH_SEARCH_PATHS = (
					"$(inherited)",
					"@executable_path/Frameworks",
				);
				MARKETING_VERSION = 1.0;
				PRODUCT_BUNDLE_IDENTIFIER = com.re4n.Xylophone;
				PRODUCT_NAME = "$(TARGET_NAME)";
				SWIFT_EMIT_LOC_STRINGS = YES;
				SWIFT_VERSION = 5.0;
				TARGETED_DEVICE_FAMILY = "1,2";
			};
			name = Debug;
		};
		303D18B32C42CB0000ABF599 /* Release */ = {
			isa = XCBuildConfiguration;
			buildSettings = {
				ASSETCATALOG_COMPILER_APPICON_NAME = AppIcon;
				ASSETCATALOG_COMPILER_GLOBAL_ACCENT_COLOR_NAME = AccentColor;
				CODE_SIGN_STYLE = Automatic;
				CURRENT_PROJECT_VERSION = 1;
				DEVELOPMENT_TEAM = 8Y83M326AS;
				GENERATE_INFOPLIST_FILE = YES;
				INFOPLIST_FILE = Xylophone/Info.plist;
				INFOPLIST_KEY_UIApplicationSupportsIndirectInputEvents = YES;
				INFOPLIST_KEY_UILaunchStoryboardName = LaunchScreen;
				INFOPLIST_KEY_UIMainStoryboardFile = Main;
				INFOPLIST_KEY_UISupportedInterfaceOrientations_iPad = "UIInterfaceOrientationPortrait UIInterfaceOrientationPortraitUpsideDown UIInterfaceOrientationLandscapeLeft UIInterfaceOrientationLandscapeRight";
				INFOPLIST_KEY_UISupportedInterfaceOrientations_iPhone = "UIInterfaceOrientationPortrait UIInterfaceOrientationLandscapeLeft UIInterfaceOrientationLandscapeRight";
				IPHONEOS_DEPLOYMENT_TARGET = 16.2;
				LD_RUNPATH_SEARCH_PATHS = (
					"$(inherited)",
					"@executable_path/Frameworks",
				);
				MARKETING_VERSION = 1.0;
				PRODUCT_BUNDLE_IDENTIFIER = com.re4n.Xylophone;
				PRODUCT_NAME = "$(TARGET_NAME)";
				SWIFT_EMIT_LOC_STRINGS = YES;
				SWIFT_VERSION = 5.0;
				TARGETED_DEVICE_FAMILY = "1,2";
			};
			name = Release;
		};
/* End XCBuildConfiguration section */

/* Begin XCConfigurationList section */
		303D18982C42CAFE00ABF599 /* Build configuration list for PBXProject "Xylophone" */ = {
			isa = XCConfigurationList;
			buildConfigurations = (
				303D18AF2C42CB0000ABF599 /* Debug */,
				303D18B02C42CB0000ABF599 /* Release */,
			);
			defaultConfigurationIsVisible = 0;
			defaultConfigurationName = Release;
		};
		303D18B12C42CB0000ABF599 /* Build configuration list for PBXNativeTarget "Xylophone" */ = {
			isa = XCConfigurationList;
			buildConfigurations = (
				303D18B22C42CB0000ABF599 /* Debug */,
				303D18B32C42CB0000ABF599 /* Release */,
			);
			defaultConfigurationIsVisible = 0;
			defaultConfigurationName = Release;
		};
/* End XCConfigurationList section */
	};
	rootObject = 303D18952C42CAFE00ABF599 /* Project object */;
}
